
Microsoft Visual Studio Solution File, Format Version 12.00
# Visual Studio 15
VisualStudioVersion = 15.0.27428.2015
MinimumVisualStudioVersion = 10.0.40219.1
Project("{FAE04EC0-301F-11D3-BF4B-00C04F79EFBC}") = "screenShot", "screenShot\screenShot.csproj", "{6EE3B97B-388C-44F8-9C2B-49795D07E914}"
EndProject
Global
	GlobalSection(SolutionConfigurationPlatforms) = preSolution
		Debug|x86 = Debug|x86
		Release|x86 = Release|x86
	EndGlobalSection
	GlobalSection(ProjectConfigurationPlatforms) = postSolution
		{6EE3B97B-388C-44F8-9C2B-49795D07E914}.Debug|x86.ActiveCfg = Debug|x86
		{6EE3B97B-388C-44F8-9C2B-49795D07E914}.Debug|x86.Build.0 = Debug|x86
		{6EE3B97B-388C-44F8-9C2B-49795D07E914}.Release|x86.ActiveCfg = Release|x86
		{6EE3B97B-388C-44F8-9C2B-49795D07E914}.Release|x86.Build.0 = Release|x86
	EndGlobalSection
	GlobalSection(SolutionProperties) = preSolution
		HideSolutionNode = FALSE
	EndGlobalSection
	GlobalSection(ExtensibilityGlobals) = postSolution
		SolutionGuid = {14BAEE91-D327-4A2A-A593-B23639A312E9}
	EndGlobalSection
EndGlobal
