
Microsoft Visual Studio Solution File, Format Version 12.00
# Visual Studio 15
VisualStudioVersion = 15.0.27428.2015
MinimumVisualStudioVersion = 10.0.40219.1
Project("{FAE04EC0-301F-11D3-BF4B-00C04F79EFBC}") = "audioTest", "audioTest\audioTest.csproj", "{20AC88FA-6B5C-4E3B-B514-50ECB08C5BCD}"
EndProject
Global
	GlobalSection(SolutionConfigurationPlatforms) = preSolution
		Debug|x86 = Debug|x86
		Release|x86 = Release|x86
	EndGlobalSection
	GlobalSection(ProjectConfigurationPlatforms) = postSolution
		{20AC88FA-6B5C-4E3B-B514-50ECB08C5BCD}.Debug|x86.ActiveCfg = Debug|x86
		{20AC88FA-6B5C-4E3B-B514-50ECB08C5BCD}.Debug|x86.Build.0 = Debug|x86
		{20AC88FA-6B5C-4E3B-B514-50ECB08C5BCD}.Release|x86.ActiveCfg = Release|x86
		{20AC88FA-6B5C-4E3B-B514-50ECB08C5BCD}.Release|x86.Build.0 = Release|x86
	EndGlobalSection
	GlobalSection(SolutionProperties) = preSolution
		HideSolutionNode = FALSE
	EndGlobalSection
	GlobalSection(ExtensibilityGlobals) = postSolution
		SolutionGuid = {45189CF0-542A-4761-B458-AC70FBFF213B}
	EndGlobalSection
EndGlobal
