
Microsoft Visual Studio Solution File, Format Version 12.00
# Visual Studio 15
VisualStudioVersion = 15.0.27428.2015
MinimumVisualStudioVersion = 10.0.40219.1
Project("{FAE04EC0-301F-11D3-BF4B-00C04F79EFBC}") = "inputManagerClass", "inputManagerClass\inputManagerClass.csproj", "{9E7FF21E-41F9-4B30-856D-989CF470B32B}"
EndProject
Global
	GlobalSection(SolutionConfigurationPlatforms) = preSolution
		Debug|x86 = Debug|x86
		Release|x86 = Release|x86
	EndGlobalSection
	GlobalSection(ProjectConfigurationPlatforms) = postSolution
		{9E7FF21E-41F9-4B30-856D-989CF470B32B}.Debug|x86.ActiveCfg = Debug|x86
		{9E7FF21E-41F9-4B30-856D-989CF470B32B}.Debug|x86.Build.0 = Debug|x86
		{9E7FF21E-41F9-4B30-856D-989CF470B32B}.Release|x86.ActiveCfg = Release|x86
		{9E7FF21E-41F9-4B30-856D-989CF470B32B}.Release|x86.Build.0 = Release|x86
	EndGlobalSection
	GlobalSection(SolutionProperties) = preSolution
		HideSolutionNode = FALSE
	EndGlobalSection
	GlobalSection(ExtensibilityGlobals) = postSolution
		SolutionGuid = {A1331AD7-F414-42A8-8FA0-EF91FEB797CC}
	EndGlobalSection
EndGlobal
